{
  "name": "showcase",
  "version": "0.0.1",
  "lockfileVersion": 3,
  "requires": true,
  "packages": {
    "": {
      "name": "showcase",
      "version": "0.0.1",
      "license": "Apache-2.0",
      "dependencies": {
        "@lynx-example/animation": "0.3.0",
        "@lynx-example/css": "0.3.0",
        "@lynx-example/fetch": "0.3.0",
        "@lynx-example/image": "0.3.0",
        "@lynx-example/layout": "0.3.0",
        "@lynx-example/lazy-bundle": "0.3.0",
        "@lynx-example/list": "0.3.0",
        "@lynx-example/scroll-view": "0.3.0",
        "@lynx-example/text": "0.6.2",
        "@lynx-example/view": "0.3.0"
      },
      "devDependencies": {
        "@lynx-js/qrcode-rsbuild-plugin": "0.3.6"
      }
    },
    "../../node_modules/.pnpm/@lynx-example+animation@0.3.0/node_modules/@lynx-example/animation": {
      "version": "0.3.0",
      "license": "Apache-2.0",
      "dependencies": {
        "@lynx-js/react": "0.105.0"
      },
      "devDependencies": {
        "@lynx-js/qrcode-rsbuild-plugin": "0.3.3",
        "@lynx-js/react-rsbuild-plugin": "0.9.0",
        "@lynx-js/rspeedy": "0.8.2",
        "@lynx-js/types": "^3.2.0",
        "@rsbuild/plugin-sass": "^1.2.1",
        "@types/react": "^18.3.18",
        "typescript": "~5.7.3"
      }
    },
    "../../node_modules/.pnpm/@lynx-example+css@0.3.0/node_modules/@lynx-example/css": {
      "version": "0.3.0",
      "license": "Apache-2.0",
      "dependencies": {
        "@lynx-js/react": "0.105.0"
      },
      "devDependencies": {
        "@lynx-js/qrcode-rsbuild-plugin": "0.3.3",
        "@lynx-js/react-rsbuild-plugin": "0.9.0",
        "@lynx-js/rspeedy": "0.8.2",
        "@lynx-js/types": "^3.2.0",
        "@rsbuild/plugin-sass": "^1.2.1",
        "@types/react": "^18.3.18",
        "typescript": "~5.7.3"
      }
    },
    "../../node_modules/.pnpm/@lynx-example+fetch@0.3.0/node_modules/@lynx-example/fetch": {
      "version": "0.3.0",
      "dependencies": {
        "@lynx-js/react": "0.105.0"
      },
      "devDependencies": {
        "@lynx-js/qrcode-rsbuild-plugin": "0.3.3",
        "@lynx-js/react-rsbuild-plugin": "0.9.0",
        "@lynx-js/rspeedy": "0.8.2",
        "@rsbuild/plugin-sass": "^1.2.1",
        "@types/react": "^18.3.18"
      },
      "engines": {
        "node": ">=18"
      }
    },
    "../../node_modules/.pnpm/@lynx-example+image@0.3.0/node_modules/@lynx-example/image": {
      "version": "0.3.0",
      "dependencies": {
        "@lynx-js/react": "0.105.0"
      },
      "devDependencies": {
        "@lynx-js/qrcode-rsbuild-plugin": "0.3.3",
        "@lynx-js/react-rsbuild-plugin": "0.9.0",
        "@lynx-js/rspeedy": "0.8.2",
        "@lynx-js/types": "^3.2.0",
        "@types/react": "^18.3.18",
        "typescript": "~5.7.3"
      },
      "engines": {
        "node": ">=18"
      }
    },
    "../../node_modules/.pnpm/@lynx-example+layout@0.3.0/node_modules/@lynx-example/layout": {
      "version": "0.3.0",
      "license": "Apache-2.0",
      "dependencies": {
        "@lynx-js/react": "0.105.0"
      },
      "devDependencies": {
        "@lynx-js/qrcode-rsbuild-plugin": "0.3.3",
        "@lynx-js/react-rsbuild-plugin": "0.9.0",
        "@lynx-js/rspeedy": "0.8.2",
        "@lynx-js/types": "^3.2.0",
        "@rsbuild/plugin-sass": "^1.2.1",
        "@types/react": "^18.3.18",
        "typescript": "~5.7.3"
      }
    },
    "../../node_modules/.pnpm/@lynx-example+lazy-bundle@0.3.0/node_modules/@lynx-example/lazy-bundle": {
      "version": "0.3.0",
      "dependencies": {
        "@lynx-js/react": "0.105.0"
      },
      "devDependencies": {
        "@lynx-js/qrcode-rsbuild-plugin": "0.3.3",
        "@lynx-js/react-rsbuild-plugin": "0.9.0",
        "@lynx-js/rspeedy": "0.8.2",
        "@lynx-js/types": "^3.2.0",
        "@types/react": "^18.3.18",
        "typescript": "~5.7.3"
      },
      "engines": {
        "node": ">=18"
      }
    },
    "../../node_modules/.pnpm/@lynx-example+list@0.3.0/node_modules/@lynx-example/list": {
      "version": "0.3.0",
      "license": "Apache-2.0",
      "dependencies": {
        "@lynx-js/react": "0.105.0"
      },
      "devDependencies": {
        "@lynx-js/qrcode-rsbuild-plugin": "0.3.3",
        "@lynx-js/react-rsbuild-plugin": "0.9.0",
        "@lynx-js/rspeedy": "0.8.2",
        "@lynx-js/types": "^3.2.0",
        "@rsbuild/plugin-sass": "^1.2.1",
        "@types/react": "^18.3.18",
        "typescript": "~5.7.3"
      }
    },
    "../../node_modules/.pnpm/@lynx-example+scroll-view@0.3.0/node_modules/@lynx-example/scroll-view": {
      "version": "0.3.0",
      "dependencies": {
        "@lynx-js/react": "0.105.0"
      },
      "devDependencies": {
        "@lynx-js/qrcode-rsbuild-plugin": "0.3.3",
        "@lynx-js/react-rsbuild-plugin": "0.9.0",
        "@lynx-js/rspeedy": "0.8.2",
        "@lynx-js/types": "^3.2.0",
        "@rsbuild/plugin-sass": "^1.2.1",
        "@types/react": "^18.3.18",
        "typescript": "~5.7.3"
      },
      "engines": {
        "node": ">=18"
      }
    },
    "../../node_modules/.pnpm/@lynx-example+text@0.6.2/node_modules/@lynx-example/text": {
      "version": "0.6.2",
      "license": "Apache-2.0",
      "dependencies": {
        "@lynx-js/react": "0.112.6"
      },
      "devDependencies": {
        "@lynx-js/qrcode-rsbuild-plugin": "0.4.1",
        "@lynx-js/react-rsbuild-plugin": "0.10.13",
        "@lynx-js/rspeedy": "0.11.1",
        "@lynx-js/types": "^3.4.11",
        "@rsbuild/plugin-sass": "1.3.5",
        "@types/react": "^18.3.23",
        "typescript": "~5.9.2"
      }
    },
    "../../node_modules/.pnpm/@lynx-example+view@0.3.0/node_modules/@lynx-example/view": {
      "version": "0.3.0",
      "dependencies": {
        "@lynx-js/react": "0.105.0"
      },
      "devDependencies": {
        "@lynx-js/qrcode-rsbuild-plugin": "0.3.3",
        "@lynx-js/react-rsbuild-plugin": "0.9.0",
        "@lynx-js/rspeedy": "0.8.2",
        "@lynx-js/types": "latest",
        "@types/react": "^18.3.18",
        "typescript": "~5.7.3"
      },
      "engines": {
        "node": ">=18"
      }
    },
    "../../node_modules/.pnpm/@lynx-js+qrcode-rsbuild-plugin@0.3.6/node_modules/@lynx-js/qrcode-rsbuild-plugin": {
      "version": "0.3.6",
      "dev": true,
      "license": "Apache-2.0",
      "devDependencies": {
        "@clack/prompts": "^0.10.1",
        "@lynx-js/rspeedy": "0.9.3",
        "@microsoft/api-extractor": "7.52.5",
        "@rsbuild/core": "1.3.11",
        "picocolors": "^1.1.1",
        "uqr": "0.1.2"
      },
      "engines": {
        "node": ">=18"
      }
    },
    "node_modules/@lynx-example/animation": {
      "resolved": "../../node_modules/.pnpm/@lynx-example+animation@0.3.0/node_modules/@lynx-example/animation",
      "link": true
    },
    "node_modules/@lynx-example/css": {
      "resolved": "../../node_modules/.pnpm/@lynx-example+css@0.3.0/node_modules/@lynx-example/css",
      "link": true
    },
    "node_modules/@lynx-example/fetch": {
      "resolved": "../../node_modules/.pnpm/@lynx-example+fetch@0.3.0/node_modules/@lynx-example/fetch",
      "link": true
    },
    "node_modules/@lynx-example/image": {
      "resolved": "../../node_modules/.pnpm/@lynx-example+image@0.3.0/node_modules/@lynx-example/image",
      "link": true
    },
    "node_modules/@lynx-example/layout": {
      "resolved": "../../node_modules/.pnpm/@lynx-example+layout@0.3.0/node_modules/@lynx-example/layout",
      "link": true
    },
    "node_modules/@lynx-example/lazy-bundle": {
      "resolved": "../../node_modules/.pnpm/@lynx-example+lazy-bundle@0.3.0/node_modules/@lynx-example/lazy-bundle",
      "link": true
    },
    "node_modules/@lynx-example/list": {
      "resolved": "../../node_modules/.pnpm/@lynx-example+list@0.3.0/node_modules/@lynx-example/list",
      "link": true
    },
    "node_modules/@lynx-example/scroll-view": {
      "resolved": "../../node_modules/.pnpm/@lynx-example+scroll-view@0.3.0/node_modules/@lynx-example/scroll-view",
      "link": true
    },
    "node_modules/@lynx-example/text": {
      "resolved": "../../node_modules/.pnpm/@lynx-example+text@0.6.2/node_modules/@lynx-example/text",
      "link": true
    },
    "node_modules/@lynx-example/view": {
      "resolved": "../../node_modules/.pnpm/@lynx-example+view@0.3.0/node_modules/@lynx-example/view",
      "link": true
    },
    "node_modules/@lynx-js/qrcode-rsbuild-plugin": {
      "resolved": "../../node_modules/.pnpm/@lynx-js+qrcode-rsbuild-plugin@0.3.6/node_modules/@lynx-js/qrcode-rsbuild-plugin",
      "link": true
    }
  }
}
